// !$*UTF8*$!
{
	archiveVersion = 1;
	classes = {
	};
	objectVersion = 50;
	objects = {

/* Begin PBXBuildFile section */
		878DC0B72181CEB5008219D8 /* AppDelegate.swift in Sources */ = {isa = PBXBuildFile; fileRef = 878DC0B62181CEB5008219D8 /* AppDelegate.swift */; };
		878DC0B92181CEB5008219D8 /* ViewController.swift in Sources */ = {isa = PBXBuildFile; fileRef = 878DC0B82181CEB5008219D8 /* ViewController.swift */; };
		878DC0BC2181CEB5008219D8 /* Main.storyboard in Resources */ = {isa = PBXBuildFile; fileRef = 878DC0BA2181CEB5008219D8 /* Main.storyboard */; };
		878DC0BE2181CEB7008219D8 /* Assets.xcassets in Resources */ = {isa = PBXBuildFile; fileRef = 878DC0BD2181CEB7008219D8 /* Assets.xcassets */; };
		878DC0C12181CEB7008219D8 /* LaunchScreen.storyboard in Resources */ = {isa = PBXBuildFile; fileRef = 878DC0BF2181CEB7008219D8 /* LaunchScreen.storyboard */; };
		878DC0C92181CF3C008219D8 /* CYListTableViewCell.swift in Sources */ = {isa = PBXBuildFile; fileRef = 878DC0C82181CF3C008219D8 /* CYListTableViewCell.swift */; };
		878DC0ED2181D122008219D8 /* ConstraintMultiplierTarget.swift in Sources */ = {isa = PBXBuildFile; fileRef = 878DC0CB2181D122008219D8 /* ConstraintMultiplierTarget.swift */; };
		878DC0EE2181D122008219D8 /* LayoutConstraintItem.swift in Sources */ = {isa = PBXBuildFile; fileRef = 878DC0CC2181D122008219D8 /* LayoutConstraintItem.swift */; };
		878DC0EF2181D122008219D8 /* ConstraintDescription.swift in Sources */ = {isa = PBXBuildFile; fileRef = 878DC0CD2181D122008219D8 /* ConstraintDescription.swift */; };
		878DC0F02181D122008219D8 /* ConstraintMakerPriortizable.swift in Sources */ = {isa = PBXBuildFile; fileRef = 878DC0CE2181D122008219D8 /* ConstraintMakerPriortizable.swift */; };
		878DC0F12181D122008219D8 /* ConstraintAttributes.swift in Sources */ = {isa = PBXBuildFile; fileRef = 878DC0CF2181D122008219D8 /* ConstraintAttributes.swift */; };
		878DC0F22181D122008219D8 /* ConstraintViewDSL.swift in Sources */ = {isa = PBXBuildFile; fileRef = 878DC0D02181D122008219D8 /* ConstraintViewDSL.swift */; };
		878DC0F32181D122008219D8 /* ConstraintPriorityTarget.swift in Sources */ = {isa = PBXBuildFile; fileRef = 878DC0D12181D122008219D8 /* ConstraintPriorityTarget.swift */; };
		878DC0F42181D122008219D8 /* ConstraintInsets.swift in Sources */ = {isa = PBXBuildFile; fileRef = 878DC0D22181D122008219D8 /* ConstraintInsets.swift */; };
		878DC0F52181D122008219D8 /* ConstraintMakerFinalizable.swift in Sources */ = {isa = PBXBuildFile; fileRef = 878DC0D32181D122008219D8 /* ConstraintMakerFinalizable.swift */; };
		878DC0F62181D122008219D8 /* ConstraintDSL.swift in Sources */ = {isa = PBXBuildFile; fileRef = 878DC0D42181D122008219D8 /* ConstraintDSL.swift */; };
		878DC0F72181D122008219D8 /* ConstraintMakerExtendable.swift in Sources */ = {isa = PBXBuildFile; fileRef = 878DC0D52181D122008219D8 /* ConstraintMakerExtendable.swift */; };
		878DC0F82181D122008219D8 /* ConstraintPriority.swift in Sources */ = {isa = PBXBuildFile; fileRef = 878DC0D62181D122008219D8 /* ConstraintPriority.swift */; };
		878DC0F92181D122008219D8 /* ConstraintInsetTarget.swift in Sources */ = {isa = PBXBuildFile; fileRef = 878DC0D72181D122008219D8 /* ConstraintInsetTarget.swift */; };
		878DC0FA2181D122008219D8 /* ConstraintConfig.swift in Sources */ = {isa = PBXBuildFile; fileRef = 878DC0D82181D122008219D8 /* ConstraintConfig.swift */; };
		878DC0FB2181D122008219D8 /* UILayoutSupport+Extensions.swift in Sources */ = {isa = PBXBuildFile; fileRef = 878DC0D92181D122008219D8 /* UILayoutSupport+Extensions.swift */; };
		878DC0FC2181D122008219D8 /* ConstraintView.swift in Sources */ = {isa = PBXBuildFile; fileRef = 878DC0DA2181D122008219D8 /* ConstraintView.swift */; };
		878DC0FD2181D122008219D8 /* ConstraintLayoutGuide.swift in Sources */ = {isa = PBXBuildFile; fileRef = 878DC0DB2181D122008219D8 /* ConstraintLayoutGuide.swift */; };
		878DC0FE2181D122008219D8 /* ConstraintLayoutSupport.swift in Sources */ = {isa = PBXBuildFile; fileRef = 878DC0DC2181D122008219D8 /* ConstraintLayoutSupport.swift */; };
		878DC0FF2181D122008219D8 /* Typealiases.swift in Sources */ = {isa = PBXBuildFile; fileRef = 878DC0DD2181D122008219D8 /* Typealiases.swift */; };
		878DC1002181D122008219D8 /* ConstraintConstantTarget.swift in Sources */ = {isa = PBXBuildFile; fileRef = 878DC0DE2181D122008219D8 /* ConstraintConstantTarget.swift */; };
		878DC1012181D122008219D8 /* ConstraintOffsetTarget.swift in Sources */ = {isa = PBXBuildFile; fileRef = 878DC0DF2181D122008219D8 /* ConstraintOffsetTarget.swift */; };
		878DC1022181D122008219D8 /* ConstraintMakerEditable.swift in Sources */ = {isa = PBXBuildFile; fileRef = 878DC0E02181D122008219D8 /* ConstraintMakerEditable.swift */; };
		878DC1032181D122008219D8 /* ConstraintMaker.swift in Sources */ = {isa = PBXBuildFile; fileRef = 878DC0E12181D122008219D8 /* ConstraintMaker.swift */; };
		878DC1042181D122008219D8 /* ConstraintRelation.swift in Sources */ = {isa = PBXBuildFile; fileRef = 878DC0E22181D122008219D8 /* ConstraintRelation.swift */; };
		878DC1052181D122008219D8 /* ConstraintLayoutGuideDSL.swift in Sources */ = {isa = PBXBuildFile; fileRef = 878DC0E32181D122008219D8 /* ConstraintLayoutGuideDSL.swift */; };
		878DC1062181D122008219D8 /* ConstraintView+Extensions.swift in Sources */ = {isa = PBXBuildFile; fileRef = 878DC0E42181D122008219D8 /* ConstraintView+Extensions.swift */; };
		878DC1072181D122008219D8 /* ConstraintItem.swift in Sources */ = {isa = PBXBuildFile; fileRef = 878DC0E52181D122008219D8 /* ConstraintItem.swift */; };
		878DC1082181D122008219D8 /* Constraint.swift in Sources */ = {isa = PBXBuildFile; fileRef = 878DC0E62181D122008219D8 /* Constraint.swift */; };
		878DC1092181D122008219D8 /* Debugging.swift in Sources */ = {isa = PBXBuildFile; fileRef = 878DC0E72181D122008219D8 /* Debugging.swift */; };
		878DC10A2181D122008219D8 /* ConstraintRelatableTarget.swift in Sources */ = {isa = PBXBuildFile; fileRef = 878DC0E82181D122008219D8 /* ConstraintRelatableTarget.swift */; };
		878DC10B2181D122008219D8 /* LayoutConstraint.swift in Sources */ = {isa = PBXBuildFile; fileRef = 878DC0E92181D122008219D8 /* LayoutConstraint.swift */; };
		878DC10C2181D122008219D8 /* ConstraintLayoutGuide+Extensions.swift in Sources */ = {isa = PBXBuildFile; fileRef = 878DC0EA2181D122008219D8 /* ConstraintLayoutGuide+Extensions.swift */; };
		878DC10D2181D122008219D8 /* ConstraintLayoutSupportDSL.swift in Sources */ = {isa = PBXBuildFile; fileRef = 878DC0EB2181D122008219D8 /* ConstraintLayoutSupportDSL.swift */; };
		878DC10E2181D122008219D8 /* ConstraintMakerRelatable.swift in Sources */ = {isa = PBXBuildFile; fileRef = 878DC0EC2181D122008219D8 /* ConstraintMakerRelatable.swift */; };
		878DC1102181D347008219D8 /* CYListModel.swift in Sources */ = {isa = PBXBuildFile; fileRef = 878DC10F2181D347008219D8 /* CYListModel.swift */; };
/* End PBXBuildFile section */

/* Begin PBXFileReference section */
		878DC0B32181CEB5008219D8 /* CYTableViewCellHeight.app */ = {isa = PBXFileReference; explicitFileType = wrapper.application; includeInIndex = 0; path = CYTableViewCellHeight.app; sourceTree = BUILT_PRODUCTS_DIR; };
		878DC0B62181CEB5008219D8 /* AppDelegate.swift */ = {isa = PBXFileReference; lastKnownFileType = sourcecode.swift; path = AppDelegate.swift; sourceTree = "<group>"; };
		878DC0B82181CEB5008219D8 /* ViewController.swift */ = {isa = PBXFileReference; lastKnownFileType = sourcecode.swift; path = ViewController.swift; sourceTree = "<group>"; };
		878DC0BB2181CEB5008219D8 /* Base */ = {isa = PBXFileReference; lastKnownFileType = file.storyboard; name = Base; path = Base.lproj/Main.storyboard; sourceTree = "<group>"; };
		878DC0BD2181CEB7008219D8 /* Assets.xcassets */ = {isa = PBXFileReference; lastKnownFileType = folder.assetcatalog; path = Assets.xcassets; sourceTree = "<group>"; };
		878DC0C02181CEB7008219D8 /* Base */ = {isa = PBXFileReference; lastKnownFileType = file.storyboard; name = Base; path = Base.lproj/LaunchScreen.storyboard; sourceTree = "<group>"; };
		878DC0C22181CEB7008219D8 /* Info.plist */ = {isa = PBXFileReference; lastKnownFileType = text.plist.xml; path = Info.plist; sourceTree = "<group>"; };
		878DC0C82181CF3C008219D8 /* CYListTableViewCell.swift */ = {isa = PBXFileReference; lastKnownFileType = sourcecode.swift; path = CYListTableViewCell.swift; sourceTree = "<group>"; };
		878DC0CB2181D122008219D8 /* ConstraintMultiplierTarget.swift */ = {isa = PBXFileReference; fileEncoding = 4; lastKnownFileType = sourcecode.swift; path = ConstraintMultiplierTarget.swift; sourceTree = "<group>"; };
		878DC0CC2181D122008219D8 /* LayoutConstraintItem.swift */ = {isa = PBXFileReference; fileEncoding = 4; lastKnownFileType = sourcecode.swift; path = LayoutConstraintItem.swift; sourceTree = "<group>"; };
		878DC0CD2181D122008219D8 /* ConstraintDescription.swift */ = {isa = PBXFileReference; fileEncoding = 4; lastKnownFileType = sourcecode.swift; path = ConstraintDescription.swift; sourceTree = "<group>"; };
		878DC0CE2181D122008219D8 /* ConstraintMakerPriortizable.swift */ = {isa = PBXFileReference; fileEncoding = 4; lastKnownFileType = sourcecode.swift; path = ConstraintMakerPriortizable.swift; sourceTree = "<group>"; };
		878DC0CF2181D122008219D8 /* ConstraintAttributes.swift */ = {isa = PBXFileReference; fileEncoding = 4; lastKnownFileType = sourcecode.swift; path = ConstraintAttributes.swift; sourceTree = "<group>"; };
		878DC0D02181D122008219D8 /* ConstraintViewDSL.swift */ = {isa = PBXFileReference; fileEncoding = 4; lastKnownFileType = sourcecode.swift; path = ConstraintViewDSL.swift; sourceTree = "<group>"; };
		878DC0D12181D122008219D8 /* ConstraintPriorityTarget.swift */ = {isa = PBXFileReference; fileEncoding = 4; lastKnownFileType = sourcecode.swift; path = ConstraintPriorityTarget.swift; sourceTree = "<group>"; };
		878DC0D22181D122008219D8 /* ConstraintInsets.swift */ = {isa = PBXFileReference; fileEncoding = 4; lastKnownFileType = sourcecode.swift; path = ConstraintInsets.swift; sourceTree = "<group>"; };
		878DC0D32181D122008219D8 /* ConstraintMakerFinalizable.swift */ = {isa = PBXFileReference; fileEncoding = 4; lastKnownFileType = sourcecode.swift; path = ConstraintMakerFinalizable.swift; sourceTree = "<group>"; };
		878DC0D42181D122008219D8 /* ConstraintDSL.swift */ = {isa = PBXFileReference; fileEncoding = 4; lastKnownFileType = sourcecode.swift; path = ConstraintDSL.swift; sourceTree = "<group>"; };
		878DC0D52181D122008219D8 /* ConstraintMakerExtendable.swift */ = {isa = PBXFileReference; fileEncoding = 4; lastKnownFileType = sourcecode.swift; path = ConstraintMakerExtendable.swift; sourceTree = "<group>"; };
		878DC0D62181D122008219D8 /* ConstraintPriority.swift */ = {isa = PBXFileReference; fileEncoding = 4; lastKnownFileType = sourcecode.swift; path = ConstraintPriority.swift; sourceTree = "<group>"; };
		878DC0D72181D122008219D8 /* ConstraintInsetTarget.swift */ = {isa = PBXFileReference; fileEncoding = 4; lastKnownFileType = sourcecode.swift; path = ConstraintInsetTarget.swift; sourceTree = "<group>"; };
		878DC0D82181D122008219D8 /* ConstraintConfig.swift */ = {isa = PBXFileReference; fileEncoding = 4; lastKnownFileType = sourcecode.swift; path = ConstraintConfig.swift; sourceTree = "<group>"; };
		878DC0D92181D122008219D8 /* UILayoutSupport+Extensions.swift */ = {isa = PBXFileReference; fileEncoding = 4; lastKnownFileType = sourcecode.swift; path = "UILayoutSupport+Extensions.swift"; sourceTree = "<group>"; };
		878DC0DA2181D122008219D8 /* ConstraintView.swift */ = {isa = PBXFileReference; fileEncoding = 4; lastKnownFileType = sourcecode.swift; path = ConstraintView.swift; sourceTree = "<group>"; };
		878DC0DB2181D122008219D8 /* ConstraintLayoutGuide.swift */ = {isa = PBXFileReference; fileEncoding = 4; lastKnownFileType = sourcecode.swift; path = ConstraintLayoutGuide.swift; sourceTree = "<group>"; };
		878DC0DC2181D122008219D8 /* ConstraintLayoutSupport.swift */ = {isa = PBXFileReference; fileEncoding = 4; lastKnownFileType = sourcecode.swift; path = ConstraintLayoutSupport.swift; sourceTree = "<group>"; };
		878DC0DD2181D122008219D8 /* Typealiases.swift */ = {isa = PBXFileReference; fileEncoding = 4; lastKnownFileType = sourcecode.swift; path = Typealiases.swift; sourceTree = "<group>"; };
		878DC0DE2181D122008219D8 /* ConstraintConstantTarget.swift */ = {isa = PBXFileReference; fileEncoding = 4; lastKnownFileType = sourcecode.swift; path = ConstraintConstantTarget.swift; sourceTree = "<group>"; };
		878DC0DF2181D122008219D8 /* ConstraintOffsetTarget.swift */ = {isa = PBXFileReference; fileEncoding = 4; lastKnownFileType = sourcecode.swift; path = ConstraintOffsetTarget.swift; sourceTree = "<group>"; };
		878DC0E02181D122008219D8 /* ConstraintMakerEditable.swift */ = {isa = PBXFileReference; fileEncoding = 4; lastKnownFileType = sourcecode.swift; path = ConstraintMakerEditable.swift; sourceTree = "<group>"; };
		878DC0E12181D122008219D8 /* ConstraintMaker.swift */ = {isa = PBXFileReference; fileEncoding = 4; lastKnownFileType = sourcecode.swift; path = ConstraintMaker.swift; sourceTree = "<group>"; };
		878DC0E22181D122008219D8 /* ConstraintRelation.swift */ = {isa = PBXFileReference; fileEncoding = 4; lastKnownFileType = sourcecode.swift; path = ConstraintRelation.swift; sourceTree = "<group>"; };
		878DC0E32181D122008219D8 /* ConstraintLayoutGuideDSL.swift */ = {isa = PBXFileReference; fileEncoding = 4; lastKnownFileType = sourcecode.swift; path = ConstraintLayoutGuideDSL.swift; sourceTree = "<group>"; };
		878DC0E42181D122008219D8 /* ConstraintView+Extensions.swift */ = {isa = PBXFileReference; fileEncoding = 4; lastKnownFileType = sourcecode.swift; path = "ConstraintView+Extensions.swift"; sourceTree = "<group>"; };
		878DC0E52181D122008219D8 /* ConstraintItem.swift */ = {isa = PBXFileReference; fileEncoding = 4; lastKnownFileType = sourcecode.swift; path = ConstraintItem.swift; sourceTree = "<group>"; };
		878DC0E62181D122008219D8 /* Constraint.swift */ = {isa = PBXFileReference; fileEncoding = 4; lastKnownFileType = sourcecode.swift; path = Constraint.swift; sourceTree = "<group>"; };
		878DC0E72181D122008219D8 /* Debugging.swift */ = {isa = PBXFileReference; fileEncoding = 4; lastKnownFileType = sourcecode.swift; path = Debugging.swift; sourceTree = "<group>"; };
		878DC0E82181D122008219D8 /* ConstraintRelatableTarget.swift */ = {isa = PBXFileReference; fileEncoding = 4; lastKnownFileType = sourcecode.swift; path = ConstraintRelatableTarget.swift; sourceTree = "<group>"; };
		878DC0E92181D122008219D8 /* LayoutConstraint.swift */ = {isa = PBXFileReference; fileEncoding = 4; lastKnownFileType = sourcecode.swift; path = LayoutConstraint.swift; sourceTree = "<group>"; };
		878DC0EA2181D122008219D8 /* ConstraintLayoutGuide+Extensions.swift */ = {isa = PBXFileReference; fileEncoding = 4; lastKnownFileType = sourcecode.swift; path = "ConstraintLayoutGuide+Extensions.swift"; sourceTree = "<group>"; };
		878DC0EB2181D122008219D8 /* ConstraintLayoutSupportDSL.swift */ = {isa = PBXFileReference; fileEncoding = 4; lastKnownFileType = sourcecode.swift; path = ConstraintLayoutSupportDSL.swift; sourceTree = "<group>"; };
		878DC0EC2181D122008219D8 /* ConstraintMakerRelatable.swift */ = {isa = PBXFileReference; fileEncoding = 4; lastKnownFileType = sourcecode.swift; path = ConstraintMakerRelatable.swift; sourceTree = "<group>"; };
		878DC10F2181D347008219D8 /* CYListModel.swift */ = {isa = PBXFileReference; lastKnownFileType = sourcecode.swift; path = CYListModel.swift; sourceTree = "<group>"; };
/* End PBXFileReference section */

/* Begin PBXFrameworksBuildPhase section */
		878DC0B02181CEB5008219D8 /* Frameworks */ = {
			isa = PBXFrameworksBuildPhase;
			buildActionMask = 2147483647;
			files = (
			);
			runOnlyForDeploymentPostprocessing = 0;
		};
/* End PBXFrameworksBuildPhase section */

/* Begin PBXGroup section */
		878DC0AA2181CEB5008219D8 = {
			isa = PBXGroup;
			children = (
				878DC0B52181CEB5008219D8 /* CYTableViewCellHeight */,
				878DC0B42181CEB5008219D8 /* Products */,
			);
			sourceTree = "<group>";
		};
		878DC0B42181CEB5008219D8 /* Products */ = {
			isa = PBXGroup;
			children = (
				878DC0B32181CEB5008219D8 /* CYTableViewCellHeight.app */,
			);
			name = Products;
			sourceTree = "<group>";
		};
		878DC0B52181CEB5008219D8 /* CYTableViewCellHeight */ = {
			isa = PBXGroup;
			children = (
				878DC0CA2181D122008219D8 /* SnapKit */,
				878DC0B62181CEB5008219D8 /* AppDelegate.swift */,
				878DC0B82181CEB5008219D8 /* ViewController.swift */,
				878DC0C82181CF3C008219D8 /* CYListTableViewCell.swift */,
				878DC10F2181D347008219D8 /* CYListModel.swift */,
				878DC0BA2181CEB5008219D8 /* Main.storyboard */,
				878DC0BD2181CEB7008219D8 /* Assets.xcassets */,
				878DC0BF2181CEB7008219D8 /* LaunchScreen.storyboard */,
				878DC0C22181CEB7008219D8 /* Info.plist */,
			);
			path = CYTableViewCellHeight;
			sourceTree = "<group>";
		};
		878DC0CA2181D122008219D8 /* SnapKit */ = {
			isa = PBXGroup;
			children = (
				878DC0CB2181D122008219D8 /* ConstraintMultiplierTarget.swift */,
				878DC0CC2181D122008219D8 /* LayoutConstraintItem.swift */,
				878DC0CD2181D122008219D8 /* ConstraintDescription.swift */,
				878DC0CE2181D122008219D8 /* ConstraintMakerPriortizable.swift */,
				878DC0CF2181D122008219D8 /* ConstraintAttributes.swift */,
				878DC0D02181D122008219D8 /* ConstraintViewDSL.swift */,
				878DC0D12181D122008219D8 /* ConstraintPriorityTarget.swift */,
				878DC0D22181D122008219D8 /* ConstraintInsets.swift */,
				878DC0D32181D122008219D8 /* ConstraintMakerFinalizable.swift */,
				878DC0D42181D122008219D8 /* ConstraintDSL.swift */,
				878DC0D52181D122008219D8 /* ConstraintMakerExtendable.swift */,
				878DC0D62181D122008219D8 /* ConstraintPriority.swift */,
				878DC0D72181D122008219D8 /* ConstraintInsetTarget.swift */,
				878DC0D82181D122008219D8 /* ConstraintConfig.swift */,
				878DC0D92181D122008219D8 /* UILayoutSupport+Extensions.swift */,
				878DC0DA2181D122008219D8 /* ConstraintView.swift */,
				878DC0DB2181D122008219D8 /* ConstraintLayoutGuide.swift */,
				878DC0DC2181D122008219D8 /* ConstraintLayoutSupport.swift */,
				878DC0DD2181D122008219D8 /* Typealiases.swift */,
				878DC0DE2181D122008219D8 /* ConstraintConstantTarget.swift */,
				878DC0DF2181D122008219D8 /* ConstraintOffsetTarget.swift */,
				878DC0E02181D122008219D8 /* ConstraintMakerEditable.swift */,
				878DC0E12181D122008219D8 /* ConstraintMaker.swift */,
				878DC0E22181D122008219D8 /* ConstraintRelation.swift */,
				878DC0E32181D122008219D8 /* ConstraintLayoutGuideDSL.swift */,
				878DC0E42181D122008219D8 /* ConstraintView+Extensions.swift */,
				878DC0E52181D122008219D8 /* ConstraintItem.swift */,
				878DC0E62181D122008219D8 /* Constraint.swift */,
				878DC0E72181D122008219D8 /* Debugging.swift */,
				878DC0E82181D122008219D8 /* ConstraintRelatableTarget.swift */,
				878DC0E92181D122008219D8 /* LayoutConstraint.swift */,
				878DC0EA2181D122008219D8 /* ConstraintLayoutGuide+Extensions.swift */,
				878DC0EB2181D122008219D8 /* ConstraintLayoutSupportDSL.swift */,
				878DC0EC2181D122008219D8 /* ConstraintMakerRelatable.swift */,
			);
			path = SnapKit;
			sourceTree = "<group>";
		};
/* End PBXGroup section */

/* Begin PBXNativeTarget section */
		878DC0B22181CEB5008219D8 /* CYTableViewCellHeight */ = {
			isa = PBXNativeTarget;
			buildConfigurationList = 878DC0C52181CEB7008219D8 /* Build configuration list for PBXNativeTarget "CYTableViewCellHeight" */;
			buildPhases = (
				878DC0AF2181CEB5008219D8 /* Sources */,
				878DC0B02181CEB5008219D8 /* Frameworks */,
				878DC0B12181CEB5008219D8 /* Resources */,
			);
			buildRules = (
			);
			dependencies = (
			);
			name = CYTableViewCellHeight;
			productName = CYTableViewCellHeight;
			productReference = 878DC0B32181CEB5008219D8 /* CYTableViewCellHeight.app */;
			productType = "com.apple.product-type.application";
		};
/* End PBXNativeTarget section */

/* Begin PBXProject section */
		878DC0AB2181CEB5008219D8 /* Project object */ = {
			isa = PBXProject;
			attributes = {
				LastSwiftUpdateCheck = 0940;
				LastUpgradeCheck = 0940;
				ORGANIZATIONNAME = cyan;
				TargetAttributes = {
					878DC0B22181CEB5008219D8 = {
						CreatedOnToolsVersion = 9.4.1;
					};
				};
			};
			buildConfigurationList = 878DC0AE2181CEB5008219D8 /* Build configuration list for PBXProject "CYTableViewCellHeight" */;
			compatibilityVersion = "Xcode 9.3";
			developmentRegion = en;
			hasScannedForEncodings = 0;
			knownRegions = (
				en,
				Base,
			);
			mainGroup = 878DC0AA2181CEB5008219D8;
			productRefGroup = 878DC0B42181CEB5008219D8 /* Products */;
			projectDirPath = "";
			projectRoot = "";
			targets = (
				878DC0B22181CEB5008219D8 /* CYTableViewCellHeight */,
			);
		};
/* End PBXProject section */

/* Begin PBXResourcesBuildPhase section */
		878DC0B12181CEB5008219D8 /* Resources */ = {
			isa = PBXResourcesBuildPhase;
			buildActionMask = 2147483647;
			files = (
				878DC0C12181CEB7008219D8 /* LaunchScreen.storyboard in Resources */,
				878DC0BE2181CEB7008219D8 /* Assets.xcassets in Resources */,
				878DC0BC2181CEB5008219D8 /* Main.storyboard in Resources */,
			);
			runOnlyForDeploymentPostprocessing = 0;
		};
/* End PBXResourcesBuildPhase section */

/* Begin PBXSourcesBuildPhase section */
		878DC0AF2181CEB5008219D8 /* Sources */ = {
			isa = PBXSourcesBuildPhase;
			buildActionMask = 2147483647;
			files = (
				878DC0FB2181D122008219D8 /* UILayoutSupport+Extensions.swift in Sources */,
				878DC1042181D122008219D8 /* ConstraintRelation.swift in Sources */,
				878DC0F02181D122008219D8 /* ConstraintMakerPriortizable.swift in Sources */,
				878DC0F12181D122008219D8 /* ConstraintAttributes.swift in Sources */,
				878DC0ED2181D122008219D8 /* ConstraintMultiplierTarget.swift in Sources */,
				878DC0FA2181D122008219D8 /* ConstraintConfig.swift in Sources */,
				878DC0F72181D122008219D8 /* ConstraintMakerExtendable.swift in Sources */,
				878DC10A2181D122008219D8 /* ConstraintRelatableTarget.swift in Sources */,
				878DC10D2181D122008219D8 /* ConstraintLayoutSupportDSL.swift in Sources */,
				878DC1082181D122008219D8 /* Constraint.swift in Sources */,
				878DC1022181D122008219D8 /* ConstraintMakerEditable.swift in Sources */,
				878DC0B92181CEB5008219D8 /* ViewController.swift in Sources */,
				878DC10C2181D122008219D8 /* ConstraintLayoutGuide+Extensions.swift in Sources */,
				878DC0F92181D122008219D8 /* ConstraintInsetTarget.swift in Sources */,
				878DC1062181D122008219D8 /* ConstraintView+Extensions.swift in Sources */,
				878DC0EE2181D122008219D8 /* LayoutConstraintItem.swift in Sources */,
				878DC10B2181D122008219D8 /* LayoutConstraint.swift in Sources */,
				878DC0F42181D122008219D8 /* ConstraintInsets.swift in Sources */,
				878DC1012181D122008219D8 /* ConstraintOffsetTarget.swift in Sources */,
				878DC1102181D347008219D8 /* CYListModel.swift in Sources */,
				878DC0C92181CF3C008219D8 /* CYListTableViewCell.swift in Sources */,
				878DC0B72181CEB5008219D8 /* AppDelegate.swift in Sources */,
				878DC10E2181D122008219D8 /* ConstraintMakerRelatable.swift in Sources */,
				878DC0F32181D122008219D8 /* ConstraintPriorityTarget.swift in Sources */,
				878DC0FE2181D122008219D8 /* ConstraintLayoutSupport.swift in Sources */,
				878DC0FC2181D122008219D8 /* ConstraintView.swift in Sources */,
				878DC0F62181D122008219D8 /* ConstraintDSL.swift in Sources */,
				878DC1002181D122008219D8 /* ConstraintConstantTarget.swift in Sources */,
				878DC1092181D122008219D8 /* Debugging.swift in Sources */,
				878DC0F82181D122008219D8 /* ConstraintPriority.swift in Sources */,
				878DC0EF2181D122008219D8 /* ConstraintDescription.swift in Sources */,
				878DC0FF2181D122008219D8 /* Typealiases.swift in Sources */,
				878DC0F52181D122008219D8 /* ConstraintMakerFinalizable.swift in Sources */,
				878DC1032181D122008219D8 /* ConstraintMaker.swift in Sources */,
				878DC1052181D122008219D8 /* ConstraintLayoutGuideDSL.swift in Sources */,
				878DC0F22181D122008219D8 /* ConstraintViewDSL.swift in Sources */,
				878DC0FD2181D122008219D8 /* ConstraintLayoutGuide.swift in Sources */,
				878DC1072181D122008219D8 /* ConstraintItem.swift in Sources */,
			);
			runOnlyForDeploymentPostprocessing = 0;
		};
/* End PBXSourcesBuildPhase section */

/* Begin PBXVariantGroup section */
		878DC0BA2181CEB5008219D8 /* Main.storyboard */ = {
			isa = PBXVariantGroup;
			children = (
				878DC0BB2181CEB5008219D8 /* Base */,
			);
			name = Main.storyboard;
			sourceTree = "<group>";
		};
		878DC0BF2181CEB7008219D8 /* LaunchScreen.storyboard */ = {
			isa = PBXVariantGroup;
			children = (
				878DC0C02181CEB7008219D8 /* Base */,
			);
			name = LaunchScreen.storyboard;
			sourceTree = "<group>";
		};
/* End PBXVariantGroup section */

/* Begin XCBuildConfiguration section */
		878DC0C32181CEB7008219D8 /* Debug */ = {
			isa = XCBuildConfiguration;
			buildSettings = {
				ALWAYS_SEARCH_USER_PATHS = NO;
				CLANG_ANALYZER_NONNULL = YES;
				CLANG_ANALYZER_NUMBER_OBJECT_CONVERSION = YES_AGGRESSIVE;
				CLANG_CXX_LANGUAGE_STANDARD = "gnu++14";
				CLANG_CXX_LIBRARY = "libc++";
				CLANG_ENABLE_MODULES = YES;
				CLANG_ENABLE_OBJC_ARC = YES;
				CLANG_ENABLE_OBJC_WEAK = YES;
				CLANG_WARN_BLOCK_CAPTURE_AUTORELEASING = YES;
				CLANG_WARN_BOOL_CONVERSION = YES;
				CLANG_WARN_COMMA = YES;
				CLANG_WARN_CONSTANT_CONVERSION = YES;
				CLANG_WARN_DEPRECATED_OBJC_IMPLEMENTATIONS = YES;
				CLANG_WARN_DIRECT_OBJC_ISA_USAGE = YES_ERROR;
				CLANG_WARN_DOCUMENTATION_COMMENTS = YES;
				CLANG_WARN_EMPTY_BODY = YES;
				CLANG_WARN_ENUM_CONVERSION = YES;
				CLANG_WARN_INFINITE_RECURSION = YES;
				CLANG_WARN_INT_CONVERSION = YES;
				CLANG_WARN_NON_LITERAL_NULL_CONVERSION = YES;
				CLANG_WARN_OBJC_IMPLICIT_RETAIN_SELF = YES;
				CLANG_WARN_OBJC_LITERAL_CONVERSION = YES;
				CLANG_WARN_OBJC_ROOT_CLASS = YES_ERROR;
				CLANG_WARN_RANGE_LOOP_ANALYSIS = YES;
				CLANG_WARN_STRICT_PROTOTYPES = YES;
				CLANG_WARN_SUSPICIOUS_MOVE = YES;
				CLANG_WARN_UNGUARDED_AVAILABILITY = YES_AGGRESSIVE;
				CLANG_WARN_UNREACHABLE_CODE = YES;
				CLANG_WARN__DUPLICATE_METHOD_MATCH = YES;
				CODE_SIGN_IDENTITY = "iPhone Developer";
				COPY_PHASE_STRIP = NO;
				DEBUG_INFORMATION_FORMAT = dwarf;
				ENABLE_STRICT_OBJC_MSGSEND = YES;
				ENABLE_TESTABILITY = YES;
				GCC_C_LANGUAGE_STANDARD = gnu11;
				GCC_DYNAMIC_NO_PIC = NO;
				GCC_NO_COMMON_BLOCKS = YES;
				GCC_OPTIMIZATION_LEVEL = 0;
				GCC_PREPROCESSOR_DEFINITIONS = (
					"DEBUG=1",
					"$(inherited)",
				);
				GCC_WARN_64_TO_32_BIT_CONVERSION = YES;
				GCC_WARN_ABOUT_RETURN_TYPE = YES_ERROR;
				GCC_WARN_UNDECLARED_SELECTOR = YES;
				GCC_WARN_UNINITIALIZED_AUTOS = YES_AGGRESSIVE;
				GCC_WARN_UNUSED_FUNCTION = YES;
				GCC_WARN_UNUSED_VARIABLE = YES;
				IPHONEOS_DEPLOYMENT_TARGET = 11.4;
				MTL_ENABLE_DEBUG_INFO = YES;
				ONLY_ACTIVE_ARCH = YES;
				SDKROOT = iphoneos;
				SWIFT_ACTIVE_COMPILATION_CONDITIONS = DEBUG;
				SWIFT_OPTIMIZATION_LEVEL = "-Onone";
			};
			name = Debug;
		};
		878DC0C42181CEB7008219D8 /* Release */ = {
			isa = XCBuildConfiguration;
			buildSettings = {
				ALWAYS_SEARCH_USER_PATHS = NO;
				CLANG_ANALYZER_NONNULL = YES;
				CLANG_ANALYZER_NUMBER_OBJECT_CONVERSION = YES_AGGRESSIVE;
				CLANG_CXX_LANGUAGE_STANDARD = "gnu++14";
				CLANG_CXX_LIBRARY = "libc++";
				CLANG_ENABLE_MODULES = YES;
				CLANG_ENABLE_OBJC_ARC = YES;
				CLANG_ENABLE_OBJC_WEAK = YES;
				CLANG_WARN_BLOCK_CAPTURE_AUTORELEASING = YES;
				CLANG_WARN_BOOL_CONVERSION = YES;
				CLANG_WARN_COMMA = YES;
				CLANG_WARN_CONSTANT_CONVERSION = YES;
				CLANG_WARN_DEPRECATED_OBJC_IMPLEMENTATIONS = YES;
				CLANG_WARN_DIRECT_OBJC_ISA_USAGE = YES_ERROR;
				CLANG_WARN_DOCUMENTATION_COMMENTS = YES;
				CLANG_WARN_EMPTY_BODY = YES;
				CLANG_WARN_ENUM_CONVERSION = YES;
				CLANG_WARN_INFINITE_RECURSION = YES;
				CLANG_WARN_INT_CONVERSION = YES;
				CLANG_WARN_NON_LITERAL_NULL_CONVERSION = YES;
				CLANG_WARN_OBJC_IMPLICIT_RETAIN_SELF = YES;
				CLANG_WARN_OBJC_LITERAL_CONVERSION = YES;
				CLANG_WARN_OBJC_ROOT_CLASS = YES_ERROR;
				CLANG_WARN_RANGE_LOOP_ANALYSIS = YES;
				CLANG_WARN_STRICT_PROTOTYPES = YES;
				CLANG_WARN_SUSPICIOUS_MOVE = YES;
				CLANG_WARN_UNGUARDED_AVAILABILITY = YES_AGGRESSIVE;
				CLANG_WARN_UNREACHABLE_CODE = YES;
				CLANG_WARN__DUPLICATE_METHOD_MATCH = YES;
				CODE_SIGN_IDENTITY = "iPhone Developer";
				COPY_PHASE_STRIP = NO;
				DEBUG_INFORMATION_FORMAT = "dwarf-with-dsym";
				ENABLE_NS_ASSERTIONS = NO;
				ENABLE_STRICT_OBJC_MSGSEND = YES;
				GCC_C_LANGUAGE_STANDARD = gnu11;
				GCC_NO_COMMON_BLOCKS = YES;
				GCC_WARN_64_TO_32_BIT_CONVERSION = YES;
				GCC_WARN_ABOUT_RETURN_TYPE = YES_ERROR;
				GCC_WARN_UNDECLARED_SELECTOR = YES;
				GCC_WARN_UNINITIALIZED_AUTOS = YES_AGGRESSIVE;
				GCC_WARN_UNUSED_FUNCTION = YES;
				GCC_WARN_UNUSED_VARIABLE = YES;
				IPHONEOS_DEPLOYMENT_TARGET = 11.4;
				MTL_ENABLE_DEBUG_INFO = NO;
				SDKROOT = iphoneos;
				SWIFT_COMPILATION_MODE = wholemodule;
				SWIFT_OPTIMIZATION_LEVEL = "-O";
				VALIDATE_PRODUCT = YES;
			};
			name = Release;
		};
		878DC0C62181CEB7008219D8 /* Debug */ = {
			isa = XCBuildConfiguration;
			buildSettings = {
				ASSETCATALOG_COMPILER_APPICON_NAME = AppIcon;
				CODE_SIGN_STYLE = Automatic;
				INFOPLIST_FILE = CYTableViewCellHeight/Info.plist;
				LD_RUNPATH_SEARCH_PATHS = (
					"$(inherited)",
					"@executable_path/Frameworks",
				);
				PRODUCT_BUNDLE_IDENTIFIER = www.cyan.com.CYTableViewCellHeight;
				PRODUCT_NAME = "$(TARGET_NAME)";
				SWIFT_VERSION = 4.0;
				TARGETED_DEVICE_FAMILY = "1,2";
			};
			name = Debug;
		};
		878DC0C72181CEB7008219D8 /* Release */ = {
			isa = XCBuildConfiguration;
			buildSettings = {
				ASSETCATALOG_COMPILER_APPICON_NAME = AppIcon;
				CODE_SIGN_STYLE = Automatic;
				INFOPLIST_FILE = CYTableViewCellHeight/Info.plist;
				LD_RUNPATH_SEARCH_PATHS = (
					"$(inherited)",
					"@executable_path/Frameworks",
				);
				PRODUCT_BUNDLE_IDENTIFIER = www.cyan.com.CYTableViewCellHeight;
				PRODUCT_NAME = "$(TARGET_NAME)";
				SWIFT_VERSION = 4.0;
				TARGETED_DEVICE_FAMILY = "1,2";
			};
			name = Release;
		};
/* End XCBuildConfiguration section */

/* Begin XCConfigurationList section */
		878DC0AE2181CEB5008219D8 /* Build configuration list for PBXProject "CYTableViewCellHeight" */ = {
			isa = XCConfigurationList;
			buildConfigurations = (
				878DC0C32181CEB7008219D8 /* Debug */,
				878DC0C42181CEB7008219D8 /* Release */,
			);
			defaultConfigurationIsVisible = 0;
			defaultConfigurationName = Release;
		};
		878DC0C52181CEB7008219D8 /* Build configuration list for PBXNativeTarget "CYTableViewCellHeight" */ = {
			isa = XCConfigurationList;
			buildConfigurations = (
				878DC0C62181CEB7008219D8 /* Debug */,
				878DC0C72181CEB7008219D8 /* Release */,
			);
			defaultConfigurationIsVisible = 0;
			defaultConfigurationName = Release;
		};
/* End XCConfigurationList section */
	};
	rootObject = 878DC0AB2181CEB5008219D8 /* Project object */;
}
